
Microsoft Visual Studio Solution File, Format Version 12.00
# Visual Studio Version 17
VisualStudioVersion = 17.14.36429.23 d17.14
MinimumVisualStudioVersion = 10.0.40219.1
Project("{8BC9CEB8-8B4A-11D0-8D11-00A0C91BC942}") = "Project1", "Project1.vcxproj", "{FDC7D3E3-2170-4B0D-8C5B-D4618E38AF81}"
EndProject
Global
	GlobalSection(SolutionConfigurationPlatforms) = preSolution
		Debug|x64 = Debug|x64
		Debug|x86 = Debug|x86
		Release|x64 = Release|x64
		Release|x86 = Release|x86
	EndGlobalSection
	GlobalSection(ProjectConfigurationPlatforms) = postSolution
		{FDC7D3E3-2170-4B0D-8C5B-D4618E38AF81}.Debug|x64.ActiveCfg = Debug|x64
		{FDC7D3E3-2170-4B0D-8C5B-D4618E38AF81}.Debug|x64.Build.0 = Debug|x64
		{FDC7D3E3-2170-4B0D-8C5B-D4618E38AF81}.Debug|x86.ActiveCfg = Debug|Win32
		{FDC7D3E3-2170-4B0D-8C5B-D4618E38AF81}.Debug|x86.Build.0 = Debug|Win32
		{FDC7D3E3-2170-4B0D-8C5B-D4618E38AF81}.Release|x64.ActiveCfg = Release|x64
		{FDC7D3E3-2170-4B0D-8C5B-D4618E38AF81}.Release|x64.Build.0 = Release|x64
		{FDC7D3E3-2170-4B0D-8C5B-D4618E38AF81}.Release|x86.ActiveCfg = Release|Win32
		{FDC7D3E3-2170-4B0D-8C5B-D4618E38AF81}.Release|x86.Build.0 = Release|Win32
	EndGlobalSection
	GlobalSection(SolutionProperties) = preSolution
		HideSolutionNode = FALSE
	EndGlobalSection
	GlobalSection(ExtensibilityGlobals) = postSolution
		SolutionGuid = {A46B2F4F-B0D0-49CB-A1AA-96CC01EC9427}
	EndGlobalSection
EndGlobal
